
Microsoft Visual Studio Solution File, Format Version 12.00
# Visual Studio 15
VisualStudioVersion = 15.0.28307.168
MinimumVisualStudioVersion = 10.0.40219.1
Project("{8BC9CEB8-8B4A-11D0-8D11-00A0C91BC942}") = "ЦеЦо-оЦеЦ", "ЦеЦо-оЦеЦ\ЦеЦо-оЦеЦ.vcxproj", "{884CFA51-A883-4D3B-B1FB-79399BE866D5}"
EndProject
Global
	GlobalSection(SolutionConfigurationPlatforms) = preSolution
		Debug|x64 = Debug|x64
		Debug|x86 = Debug|x86
		Release|x64 = Release|x64
		Release|x86 = Release|x86
	EndGlobalSection
	GlobalSection(ProjectConfigurationPlatforms) = postSolution
		{884CFA51-A883-4D3B-B1FB-79399BE866D5}.Debug|x64.ActiveCfg = Debug|x64
		{884CFA51-A883-4D3B-B1FB-79399BE866D5}.Debug|x64.Build.0 = Debug|x64
		{884CFA51-A883-4D3B-B1FB-79399BE866D5}.Debug|x86.ActiveCfg = Debug|Win32
		{884CFA51-A883-4D3B-B1FB-79399BE866D5}.Debug|x86.Build.0 = Debug|Win32
		{884CFA51-A883-4D3B-B1FB-79399BE866D5}.Release|x64.ActiveCfg = Release|x64
		{884CFA51-A883-4D3B-B1FB-79399BE866D5}.Release|x64.Build.0 = Release|x64
		{884CFA51-A883-4D3B-B1FB-79399BE866D5}.Release|x86.ActiveCfg = Release|Win32
		{884CFA51-A883-4D3B-B1FB-79399BE866D5}.Release|x86.Build.0 = Release|Win32
	EndGlobalSection
	GlobalSection(SolutionProperties) = preSolution
		HideSolutionNode = FALSE
	EndGlobalSection
	GlobalSection(ExtensibilityGlobals) = postSolution
		SolutionGuid = {4E2D2A80-028B-48BC-9695-B376FD6220C4}
	EndGlobalSection
EndGlobal
